// !$*UTF8*$!
{
	archiveVersion = 1;
	classes = {
	};
	objectVersion = 90;
	objects = {

/* Begin PBXBuildFile section */
		1ADE7684C194AEB621ADA7A1 /* FernOutlineView.swift in Sources */ = {isa = PBXBuildFile; fileRef = 15EAD768B6E06FC13FD335E5 /* FernOutlineView.swift */; };
		27A3D060FECADB5EB4FB8A92 /* CreateTaskSheet.swift in Sources */ = {isa = PBXBuildFile; fileRef = D8C5A2A968C4332F609AE62A /* CreateTaskSheet.swift */; };
		2A592A6E542AF842C268C0A1 /* LogbookView.swift in Sources */ = {isa = PBXBuildFile; fileRef = EA28F9A00CC344D52B8C9D91 /* LogbookView.swift */; };
		2DA4C3B40ABE77DFF890BFD9 /* AnytimeView.swift in Sources */ = {isa = PBXBuildFile; fileRef = 32306CC1D7538FD96BE07592 /* AnytimeView.swift */; };
		34AA93ED20FD51CC0E325345 /* TodayView.swift in Sources */ = {isa = PBXBuildFile; fileRef = 251C6E5689C00CF5B38D22CD /* TodayView.swift */; };
		41EAAAB26A58153ECE59E84D /* GroupedTasksView.swift in Sources */ = {isa = PBXBuildFile; fileRef = 06A5A3B8951864985C85C18C /* GroupedTasksView.swift */; };
		5F24E2EA1E8DAED13B548DF3 /* OutlineItem.swift in Sources */ = {isa = PBXBuildFile; fileRef = 53516F87E6B0874C0106A475 /* OutlineItem.swift */; };
		6A63F5ADBB4BFA2C88AA2BFE /* InboxView.swift in Sources */ = {isa = PBXBuildFile; fileRef = 0A25C65E042DD7AEE49D41CC /* InboxView.swift */; };
		6DFA75F7D747DE31BC75BB76 /* ProjectDetailView.swift in Sources */ = {isa = PBXBuildFile; fileRef = 148AA5E44F88287EAE3326B4 /* ProjectDetailView.swift */; };
		72C7169731120605134AB3B1 /* TaskDetailView.swift in Sources */ = {isa = PBXBuildFile; fileRef = A9DFF549360CC8542D881478 /* TaskDetailView.swift */; };
		72CE34A1F4B3054E4793E077 /* UpcomingView.swift in Sources */ = {isa = PBXBuildFile; fileRef = 6E174F108E19B2CCF51C1E3A /* UpcomingView.swift */; };
		84DB7DD02CC65DD33EF13C06 /* DropHandlers.swift in Sources */ = {isa = PBXBuildFile; fileRef = 98EFAF6A1B2A1420A199D5E1 /* DropHandlers.swift */; };
		86B85F0E96A1E05B168AE816 /* GroupedItemView.swift in Sources */ = {isa = PBXBuildFile; fileRef = 37B3C544DAF28432E5D6F79F /* GroupedItemView.swift */; };
		A82C6CC2443BD9D30724F294 /* AreaDetailView.swift in Sources */ = {isa = PBXBuildFile; fileRef = 591D46200904E930015C24CC /* AreaDetailView.swift */; };
		B05F284BB95952B2FAE1C3DF /* SomedayView.swift in Sources */ = {isa = PBXBuildFile; fileRef = 169D3AC1D7F6B134EE7A47DA /* SomedayView.swift */; };
		C437BC49E5CE057C4CF6FA0E /* MainContentView.swift in Sources */ = {isa = PBXBuildFile; fileRef = 13151277E5812E834DA06AA9 /* MainContentView.swift */; };
		DD2068C2FAEAA322DB79C1C1 /* TaskRowView.swift in Sources */ = {isa = PBXBuildFile; fileRef = C8F5CA2097A4EF23657E528B /* TaskRowView.swift */; };
		EB97B80A672EFAD8AE7F9EC2 /* SidebarItemView.swift in Sources */ = {isa = PBXBuildFile; fileRef = BABF2B2672B029150733CCD3 /* SidebarItemView.swift */; };
		FA519DE42FE5EE9800129308 /* FernApp.swift in Sources */ = {isa = PBXBuildFile; fileRef = FA519DE32FE5EE9800129308 /* FernApp.swift */; };
		FA6C1C692FE607800072D9F9 /* fern_core.swift in Sources */ = {isa = PBXBuildFile; fileRef = FA6C1C682FE607800072D9F9 /* fern_core.swift */; };
		FA6C1C6F2FE609720072D9F9 /* FernCore.xcframework in Frameworks */ = {isa = PBXBuildFile; fileRef = FA6C1C6E2FE609720072D9F9 /* FernCore.xcframework */; };
		FA6C1C802FE60C850072D9F9 /* AppStore.swift in Sources */ = {isa = PBXBuildFile; fileRef = FA6C1C7F2FE60C850072D9F9 /* AppStore.swift */; };
		FD6284EA0FF650F31850FA03 /* TrashView.swift in Sources */ = {isa = PBXBuildFile; fileRef = 86B9F8AA720880C751281012 /* TrashView.swift */; };
/* End PBXBuildFile section */

/* Begin PBXContainerItemProxy section */
		FA6C1C782FE60AD80072D9F9 /* PBXContainerItemProxy */ = {
			isa = PBXContainerItemProxy;
			containerPortal = 000000000000000000000000 /* Project object */;
			proxyType = 1;
			remoteGlobalIDString = 000000000000000100000000;
			remoteInfo = Fern;
		};
/* End PBXContainerItemProxy section */

/* Begin PBXFileReference section */
		000000000000000000000120 /* Fern.app */ = {isa = PBXFileReference; explicitFileType = wrapper.application; includeInIndex = 0; path = Fern.app; sourceTree = BUILT_PRODUCTS_DIR; };
		06A5A3B8951864985C85C18C /* GroupedTasksView.swift */ = {isa = PBXFileReference; includeInIndex = 1; lastKnownFileType = sourcecode.swift; path = GroupedTasksView.swift; sourceTree = "<group>"; };
		0A25C65E042DD7AEE49D41CC /* InboxView.swift */ = {isa = PBXFileReference; includeInIndex = 1; lastKnownFileType = sourcecode.swift; path = InboxView.swift; sourceTree = "<group>"; };
		13151277E5812E834DA06AA9 /* MainContentView.swift */ = {isa = PBXFileReference; includeInIndex = 1; lastKnownFileType = sourcecode.swift; path = MainContentView.swift; sourceTree = "<group>"; };
		148AA5E44F88287EAE3326B4 /* ProjectDetailView.swift */ = {isa = PBXFileReference; includeInIndex = 1; lastKnownFileType = sourcecode.swift; path = ProjectDetailView.swift; sourceTree = "<group>"; };
		15EAD768B6E06FC13FD335E5 /* FernOutlineView.swift */ = {isa = PBXFileReference; includeInIndex = 1; lastKnownFileType = sourcecode.swift; path = FernOutlineView.swift; sourceTree = "<group>"; };
		169D3AC1D7F6B134EE7A47DA /* SomedayView.swift */ = {isa = PBXFileReference; includeInIndex = 1; lastKnownFileType = sourcecode.swift; path = SomedayView.swift; sourceTree = "<group>"; };
		251C6E5689C00CF5B38D22CD /* TodayView.swift */ = {isa = PBXFileReference; includeInIndex = 1; lastKnownFileType = sourcecode.swift; path = TodayView.swift; sourceTree = "<group>"; };
		32306CC1D7538FD96BE07592 /* AnytimeView.swift */ = {isa = PBXFileReference; includeInIndex = 1; lastKnownFileType = sourcecode.swift; path = AnytimeView.swift; sourceTree = "<group>"; };
		37B3C544DAF28432E5D6F79F /* GroupedItemView.swift */ = {isa = PBXFileReference; includeInIndex = 1; lastKnownFileType = sourcecode.swift; path = GroupedItemView.swift; sourceTree = "<group>"; };
		53516F87E6B0874C0106A475 /* OutlineItem.swift */ = {isa = PBXFileReference; includeInIndex = 1; lastKnownFileType = sourcecode.swift; path = OutlineItem.swift; sourceTree = "<group>"; };
		591D46200904E930015C24CC /* AreaDetailView.swift */ = {isa = PBXFileReference; includeInIndex = 1; lastKnownFileType = sourcecode.swift; path = AreaDetailView.swift; sourceTree = "<group>"; };
		6E174F108E19B2CCF51C1E3A /* UpcomingView.swift */ = {isa = PBXFileReference; includeInIndex = 1; lastKnownFileType = sourcecode.swift; path = UpcomingView.swift; sourceTree = "<group>"; };
		86B9F8AA720880C751281012 /* TrashView.swift */ = {isa = PBXFileReference; includeInIndex = 1; lastKnownFileType = sourcecode.swift; path = TrashView.swift; sourceTree = "<group>"; };
		98EFAF6A1B2A1420A199D5E1 /* DropHandlers.swift */ = {isa = PBXFileReference; includeInIndex = 1; lastKnownFileType = sourcecode.swift; path = DropHandlers.swift; sourceTree = "<group>"; };
		A9DFF549360CC8542D881478 /* TaskDetailView.swift */ = {isa = PBXFileReference; includeInIndex = 1; lastKnownFileType = sourcecode.swift; path = TaskDetailView.swift; sourceTree = "<group>"; };
		BABF2B2672B029150733CCD3 /* SidebarItemView.swift */ = {isa = PBXFileReference; includeInIndex = 1; lastKnownFileType = sourcecode.swift; path = SidebarItemView.swift; sourceTree = "<group>"; };
		C8F5CA2097A4EF23657E528B /* TaskRowView.swift */ = {isa = PBXFileReference; includeInIndex = 1; lastKnownFileType = sourcecode.swift; path = TaskRowView.swift; sourceTree = "<group>"; };
		D8C5A2A968C4332F609AE62A /* CreateTaskSheet.swift */ = {isa = PBXFileReference; includeInIndex = 1; lastKnownFileType = sourcecode.swift; path = CreateTaskSheet.swift; sourceTree = "<group>"; };
		EA28F9A00CC344D52B8C9D91 /* LogbookView.swift */ = {isa = PBXFileReference; includeInIndex = 1; lastKnownFileType = sourcecode.swift; path = LogbookView.swift; sourceTree = "<group>"; };
		FA519DE32FE5EE9800129308 /* FernApp.swift */ = {isa = PBXFileReference; lastKnownFileType = sourcecode.swift; path = FernApp.swift; sourceTree = "<group>"; };
		FA6C1C682FE607800072D9F9 /* fern_core.swift */ = {isa = PBXFileReference; lastKnownFileType = sourcecode.swift; path = fern_core.swift; sourceTree = "<group>"; };
		FA6C1C6E2FE609720072D9F9 /* FernCore.xcframework */ = {isa = PBXFileReference; lastKnownFileType = wrapper.xcframework; path = FernCore.xcframework; sourceTree = "<group>"; };
		FA6C1C742FE60AD80072D9F9 /* FernTests.xctest */ = {isa = PBXFileReference; explicitFileType = wrapper.cfbundle; includeInIndex = 0; path = FernTests.xctest; sourceTree = BUILT_PRODUCTS_DIR; };
		FA6C1C7F2FE60C850072D9F9 /* AppStore.swift */ = {isa = PBXFileReference; lastKnownFileType = sourcecode.swift; path = AppStore.swift; sourceTree = "<group>"; };
/* End PBXFileReference section */

/* Begin PBXFileSystemSynchronizedRootGroup section */
		FA6C1C752FE60AD80072D9F9 /* FernTests */ = {
			isa = PBXFileSystemSynchronizedRootGroup;
			exceptions = (
			);
			path = FernTests;
			sourceTree = "<group>";
		};
/* End PBXFileSystemSynchronizedRootGroup section */

/* Begin PBXFrameworksBuildPhase section */
		000000000000000130000000 /* Frameworks */ = {
			isa = PBXFrameworksBuildPhase;
			files = (
				FA6C1C6F2FE609720072D9F9 /* FernCore.xcframework in Frameworks */,
			);
		};
		FA6C1C712FE60AD80072D9F9 /* Frameworks */ = {
			isa = PBXFrameworksBuildPhase;
			files = (
			);
		};
/* End PBXFrameworksBuildPhase section */

/* Begin PBXGroup section */
		000000000000000000000001 = {
			isa = PBXGroup;
			children = (
				FA519DE02FE5EE6800129308 /* iOS */,
				FA519DE12FE5EE6800129308 /* MacOS */,
				FA519DE22FE5EE6800129308 /* Shared */,
				FA6C1C752FE60AD80072D9F9 /* FernTests */,
				FA6C1C6D2FE609720072D9F9 /* Frameworks */,
				000000000000000000000020 /* Products */,
			);
			sourceTree = "<group>";
		};
		000000000000000000000020 /* Products */ = {
			isa = PBXGroup;
			children = (
				000000000000000000000120 /* Fern.app */,
				FA6C1C742FE60AD80072D9F9 /* FernTests.xctest */,
			);
			name = Products;
			sourceTree = "<group>";
		};
		1F45CEA27F09E95A2B7CA9B0 /* Outline */ = {
			isa = PBXGroup;
			children = (
				53516F87E6B0874C0106A475 /* OutlineItem.swift */,
				15EAD768B6E06FC13FD335E5 /* FernOutlineView.swift */,
			);
			name = Outline;
			path = Outline;
			sourceTree = "<group>";
		};
		3A9E3D2E2942548CC8C8A8FC /* Sidebar */ = {
			isa = PBXGroup;
			children = (
				BABF2B2672B029150733CCD3 /* SidebarItemView.swift */,
			);
			name = Sidebar;
			path = Sidebar;
			sourceTree = "<group>";
		};
		74FE7C6C4EF34A4630347E74 /* Project */ = {
			isa = PBXGroup;
			children = (
				148AA5E44F88287EAE3326B4 /* ProjectDetailView.swift */,
			);
			name = Project;
			path = Project;
			sourceTree = "<group>";
		};
		762834C77C57D09C6D93BA26 /* Core */ = {
			isa = PBXGroup;
			children = (
				98EFAF6A1B2A1420A199D5E1 /* DropHandlers.swift */,
				86B9F8AA720880C751281012 /* TrashView.swift */,
				13151277E5812E834DA06AA9 /* MainContentView.swift */,
			);
			name = Core;
			path = Core;
			sourceTree = "<group>";
		};
		9BC3E8190E913C88159D79D8 /* Task */ = {
			isa = PBXGroup;
			children = (
				D8C5A2A968C4332F609AE62A /* CreateTaskSheet.swift */,
				C8F5CA2097A4EF23657E528B /* TaskRowView.swift */,
				169D3AC1D7F6B134EE7A47DA /* SomedayView.swift */,
				06A5A3B8951864985C85C18C /* GroupedTasksView.swift */,
				6E174F108E19B2CCF51C1E3A /* UpcomingView.swift */,
				0A25C65E042DD7AEE49D41CC /* InboxView.swift */,
				EA28F9A00CC344D52B8C9D91 /* LogbookView.swift */,
				A9DFF549360CC8542D881478 /* TaskDetailView.swift */,
				32306CC1D7538FD96BE07592 /* AnytimeView.swift */,
				251C6E5689C00CF5B38D22CD /* TodayView.swift */,
				37B3C544DAF28432E5D6F79F /* GroupedItemView.swift */,
			);
			name = Task;
			path = Task;
			sourceTree = "<group>";
		};
		BF20F71293FED36623FE7208 /* Views */ = {
			isa = PBXGroup;
			children = (
				3A9E3D2E2942548CC8C8A8FC /* Sidebar */,
				762834C77C57D09C6D93BA26 /* Core */,
				D884C96FEAE928140A1DCB51 /* Area */,
				74FE7C6C4EF34A4630347E74 /* Project */,
				9BC3E8190E913C88159D79D8 /* Task */,
			);
			name = Views;
			path = Views;
			sourceTree = "<group>";
		};
		D884C96FEAE928140A1DCB51 /* Area */ = {
			isa = PBXGroup;
			children = (
				591D46200904E930015C24CC /* AreaDetailView.swift */,
			);
			name = Area;
			path = Area;
			sourceTree = "<group>";
		};
		FA519DE02FE5EE6800129308 /* iOS */ = {
			isa = PBXGroup;
			children = (
			);
			path = iOS;
			sourceTree = "<group>";
		};
		FA519DE12FE5EE6800129308 /* MacOS */ = {
			isa = PBXGroup;
			children = (
			);
			path = MacOS;
			sourceTree = "<group>";
		};
		FA519DE22FE5EE6800129308 /* Shared */ = {
			isa = PBXGroup;
			children = (
				FA6C1C7F2FE60C850072D9F9 /* AppStore.swift */,
				FA6C1C682FE607800072D9F9 /* fern_core.swift */,
				FA519DE32FE5EE9800129308 /* FernApp.swift */,
				1F45CEA27F09E95A2B7CA9B0 /* Outline */,
				BF20F71293FED36623FE7208 /* Views */,
			);
			path = Shared;
			sourceTree = "<group>";
		};
		FA6C1C6D2FE609720072D9F9 /* Frameworks */ = {
			isa = PBXGroup;
			children = (
				FA6C1C6E2FE609720072D9F9 /* FernCore.xcframework */,
			);
			name = Frameworks;
			sourceTree = "<group>";
		};
/* End PBXGroup section */

/* Begin PBXNativeTarget section */
		000000000000000100000000 /* Fern */ = {
			isa = PBXNativeTarget;
			buildConfigurationList = 000000000000000110000000 /* Build configuration list for PBXNativeTarget "Fern" */;
			buildPhases = (
				000000000000000120000000 /* Sources */,
				000000000000000130000000 /* Frameworks */,
				000000000000000140000000 /* Resources */,
			);
			buildRules = (
			);
			dependencies = (
			);
			name = Fern;
			productName = MyApp;
			productReference = 000000000000000000000120 /* Fern.app */;
			productType = "com.apple.product-type.application";
		};
		FA6C1C732FE60AD80072D9F9 /* FernTests */ = {
			isa = PBXNativeTarget;
			buildConfigurationList = FA6C1C7A2FE60AD80072D9F9 /* Build configuration list for PBXNativeTarget "FernTests" */;
			buildPhases = (
				FA6C1C702FE60AD80072D9F9 /* Sources */,
				FA6C1C712FE60AD80072D9F9 /* Frameworks */,
				FA6C1C722FE60AD80072D9F9 /* Resources */,
			);
			buildRules = (
			);
			dependencies = (
				FA6C1C792FE60AD80072D9F9 /* PBXTargetDependency */,
			);
			fileSystemSynchronizedGroups = (
				FA6C1C752FE60AD80072D9F9 /* FernTests */,
			);
			name = FernTests;
			productName = FernTests;
			productReference = FA6C1C742FE60AD80072D9F9 /* FernTests.xctest */;
			productType = "com.apple.product-type.bundle.unit-test";
		};
/* End PBXNativeTarget section */

/* Begin PBXProject section */
		000000000000000000000000 /* Project object */ = {
			isa = PBXProject;
			attributes = {
				BuildIndependentTargetsInParallel = 1;
				LastSwiftUpdateCheck = 2700;
				LastUpgradeCheck = 2700;
				TargetAttributes = {
					000000000000000100000000 = {
						CreatedOnToolsVersion = 26.3;
						LastSwiftMigration = 2700;
					};
					FA6C1C732FE60AD80072D9F9 = {
						CreatedOnToolsVersion = 27.0;
						TestTargetID = 000000000000000100000000;
					};
				};
			};
			buildConfigurationList = 000000000000000010000000 /* Build configuration list for PBXProject "Fern" */;
			developmentRegion = en;
			hasScannedForEncodings = 0;
			knownRegions = (
				en,
				Base,
			);
			mainGroup = 000000000000000000000001;
			minimizedProjectReferenceProxies = 1;
			preferredProjectObjectVersion = 90;
			productRefGroup = 000000000000000000000020 /* Products */;
			projectDirPath = "";
			projectRoot = "";
			targets = (
				000000000000000100000000 /* Fern */,
				FA6C1C732FE60AD80072D9F9 /* FernTests */,
			);
		};
/* End PBXProject section */

/* Begin PBXResourcesBuildPhase section */
		000000000000000140000000 /* Resources */ = {
			isa = PBXResourcesBuildPhase;
			files = (
			);
		};
		FA6C1C722FE60AD80072D9F9 /* Resources */ = {
			isa = PBXResourcesBuildPhase;
			files = (
			);
		};
/* End PBXResourcesBuildPhase section */

/* Begin PBXSourcesBuildPhase section */
		000000000000000120000000 /* Sources */ = {
			isa = PBXSourcesBuildPhase;
			files = (
				FA6C1C802FE60C850072D9F9 /* AppStore.swift in Sources */,
				FA519DE42FE5EE9800129308 /* FernApp.swift in Sources */,
				FA6C1C692FE607800072D9F9 /* fern_core.swift in Sources */,
				5F24E2EA1E8DAED13B548DF3 /* OutlineItem.swift in Sources */,
				1ADE7684C194AEB621ADA7A1 /* FernOutlineView.swift in Sources */,
				EB97B80A672EFAD8AE7F9EC2 /* SidebarItemView.swift in Sources */,
				84DB7DD02CC65DD33EF13C06 /* DropHandlers.swift in Sources */,
				FD6284EA0FF650F31850FA03 /* TrashView.swift in Sources */,
				C437BC49E5CE057C4CF6FA0E /* MainContentView.swift in Sources */,
				A82C6CC2443BD9D30724F294 /* AreaDetailView.swift in Sources */,
				6DFA75F7D747DE31BC75BB76 /* ProjectDetailView.swift in Sources */,
				27A3D060FECADB5EB4FB8A92 /* CreateTaskSheet.swift in Sources */,
				DD2068C2FAEAA322DB79C1C1 /* TaskRowView.swift in Sources */,
				B05F284BB95952B2FAE1C3DF /* SomedayView.swift in Sources */,
				41EAAAB26A58153ECE59E84D /* GroupedTasksView.swift in Sources */,
				72CE34A1F4B3054E4793E077 /* UpcomingView.swift in Sources */,
				6A63F5ADBB4BFA2C88AA2BFE /* InboxView.swift in Sources */,
				2A592A6E542AF842C268C0A1 /* LogbookView.swift in Sources */,
				72C7169731120605134AB3B1 /* TaskDetailView.swift in Sources */,
				2DA4C3B40ABE77DFF890BFD9 /* AnytimeView.swift in Sources */,
				34AA93ED20FD51CC0E325345 /* TodayView.swift in Sources */,
				86B85F0E96A1E05B168AE816 /* GroupedItemView.swift in Sources */,
			);
		};
		FA6C1C702FE60AD80072D9F9 /* Sources */ = {
			isa = PBXSourcesBuildPhase;
			files = (
			);
		};
/* End PBXSourcesBuildPhase section */

/* Begin PBXTargetDependency section */
		FA6C1C792FE60AD80072D9F9 /* PBXTargetDependency */ = {
			isa = PBXTargetDependency;
			target = 000000000000000100000000 /* Fern */;
			targetProxy = FA6C1C782FE60AD80072D9F9 /* PBXContainerItemProxy */;
		};
/* End PBXTargetDependency section */

/* Begin XCBuildConfiguration section */
		000000000000000011000000 /* Debug */ = {
			isa = XCBuildConfiguration;
			buildSettings = {
				ALWAYS_SEARCH_USER_PATHS = NO;
				APPLETVOS_DEPLOYMENT_TARGET = 27.0;
				ASSETCATALOG_COMPILER_GENERATE_SWIFT_ASSET_SYMBOL_EXTENSIONS = YES;
				CLANG_ANALYZER_NONNULL = YES;
				CLANG_ANALYZER_NUMBER_OBJECT_CONVERSION = YES_AGGRESSIVE;
				CLANG_CXX_LANGUAGE_STANDARD = "gnu++20";
				CLANG_ENABLE_MODULES = YES;
				CLANG_ENABLE_OBJC_ARC = YES;
				CLANG_ENABLE_OBJC_WEAK = YES;
				CLANG_WARN_BLOCK_CAPTURE_AUTORELEASING = YES;
				CLANG_WARN_BOOL_CONVERSION = YES;
				CLANG_WARN_COMMA = YES;
				CLANG_WARN_CONSTANT_CONVERSION = YES;
				CLANG_WARN_DEPRECATED_OBJC_IMPLEMENTATIONS = YES;
				CLANG_WARN_DIRECT_OBJC_ISA_USAGE = YES_ERROR;
				CLANG_WARN_DOCUMENTATION_COMMENTS = YES;
				CLANG_WARN_EMPTY_BODY = YES;
				CLANG_WARN_ENUM_CONVERSION = YES;
				CLANG_WARN_INFINITE_RECURSION = YES;
				CLANG_WARN_INT_CONVERSION = YES;
				CLANG_WARN_NON_LITERAL_NULL_CONVERSION = YES;
				CLANG_WARN_OBJC_IMPLICIT_RETAIN_SELF = YES;
				CLANG_WARN_OBJC_LITERAL_CONVERSION = YES;
				CLANG_WARN_OBJC_ROOT_CLASS = YES_ERROR;
				CLANG_WARN_QUOTED_INCLUDE_IN_FRAMEWORK_HEADER = YES;
				CLANG_WARN_RANGE_LOOP_ANALYSIS = YES;
				CLANG_WARN_STRICT_PROTOTYPES = YES;
				CLANG_WARN_SUSPICIOUS_MOVE = YES;
				CLANG_WARN_UNGUARDED_AVAILABILITY = YES_AGGRESSIVE;
				CLANG_WARN_UNREACHABLE_CODE = YES;
				CLANG_WARN__DUPLICATE_METHOD_MATCH = YES;
				COPY_PHASE_STRIP = NO;
				DEAD_CODE_STRIPPING = YES;
				DEBUG_INFORMATION_FORMAT = dwarf;
				DRIVERKIT_DEPLOYMENT_TARGET = 27.0;
				ENABLE_STRICT_OBJC_MSGSEND = YES;
				ENABLE_TESTABILITY = YES;
				ENABLE_USER_SCRIPT_SANDBOXING = YES;
				GCC_C_LANGUAGE_STANDARD = gnu17;
				GCC_DYNAMIC_NO_PIC = NO;
				GCC_NO_COMMON_BLOCKS = YES;
				GCC_OPTIMIZATION_LEVEL = 0;
				GCC_PREPROCESSOR_DEFINITIONS = (
					"DEBUG=1",
					"$(inherited)",
				);
				GCC_WARN_64_TO_32_BIT_CONVERSION = YES;
				GCC_WARN_ABOUT_RETURN_TYPE = YES_ERROR;
				GCC_WARN_UNDECLARED_SELECTOR = YES;
				GCC_WARN_UNINITIALIZED_AUTOS = YES_AGGRESSIVE;
				GCC_WARN_UNUSED_FUNCTION = YES;
				GCC_WARN_UNUSED_VARIABLE = YES;
				IPHONEOS_DEPLOYMENT_TARGET = 27.0;
				LOCALIZATION_PREFERS_STRING_CATALOGS = YES;
				MACOSX_DEPLOYMENT_TARGET = 27.0;
				MTL_ENABLE_DEBUG_INFO = INCLUDE_SOURCE;
				MTL_FAST_MATH = YES;
				ONLY_ACTIVE_ARCH = YES;
				PROJECT_UNIQUE_VALUE = D6SWIGN6;
				STRING_CATALOG_GENERATE_SYMBOLS = YES;
				SWIFT_ACTIVE_COMPILATION_CONDITIONS = "DEBUG $(inherited)";
				SWIFT_OPTIMIZATION_LEVEL = "-Onone";
				WATCHOS_DEPLOYMENT_TARGET = 27.0;
				XROS_DEPLOYMENT_TARGET = 27.0;
			};
			name = Debug;
		};
		000000000000000012000000 /* Release */ = {
			isa = XCBuildConfiguration;
			buildSettings = {
				ALWAYS_SEARCH_USER_PATHS = NO;
				APPLETVOS_DEPLOYMENT_TARGET = 27.0;
				ASSETCATALOG_COMPILER_GENERATE_SWIFT_ASSET_SYMBOL_EXTENSIONS = YES;
				CLANG_ANALYZER_NONNULL = YES;
				CLANG_ANALYZER_NUMBER_OBJECT_CONVERSION = YES_AGGRESSIVE;
				CLANG_CXX_LANGUAGE_STANDARD = "gnu++20";
				CLANG_ENABLE_MODULES = YES;
				CLANG_ENABLE_OBJC_ARC = YES;
				CLANG_ENABLE_OBJC_WEAK = YES;
				CLANG_WARN_BLOCK_CAPTURE_AUTORELEASING = YES;
				CLANG_WARN_BOOL_CONVERSION = YES;
				CLANG_WARN_COMMA = YES;
				CLANG_WARN_CONSTANT_CONVERSION = YES;
				CLANG_WARN_DEPRECATED_OBJC_IMPLEMENTATIONS = YES;
				CLANG_WARN_DIRECT_OBJC_ISA_USAGE = YES_ERROR;
				CLANG_WARN_DOCUMENTATION_COMMENTS = YES;
				CLANG_WARN_EMPTY_BODY = YES;
				CLANG_WARN_ENUM_CONVERSION = YES;
				CLANG_WARN_INFINITE_RECURSION = YES;
				CLANG_WARN_INT_CONVERSION = YES;
				CLANG_WARN_NON_LITERAL_NULL_CONVERSION = YES;
				CLANG_WARN_OBJC_IMPLICIT_RETAIN_SELF = YES;
				CLANG_WARN_OBJC_LITERAL_CONVERSION = YES;
				CLANG_WARN_OBJC_ROOT_CLASS = YES_ERROR;
				CLANG_WARN_QUOTED_INCLUDE_IN_FRAMEWORK_HEADER = YES;
				CLANG_WARN_RANGE_LOOP_ANALYSIS = YES;
				CLANG_WARN_STRICT_PROTOTYPES = YES;
				CLANG_WARN_SUSPICIOUS_MOVE = YES;
				CLANG_WARN_UNGUARDED_AVAILABILITY = YES_AGGRESSIVE;
				CLANG_WARN_UNREACHABLE_CODE = YES;
				CLANG_WARN__DUPLICATE_METHOD_MATCH = YES;
				COPY_PHASE_STRIP = NO;
				DEAD_CODE_STRIPPING = YES;
				DEBUG_INFORMATION_FORMAT = "dwarf-with-dsym";
				DRIVERKIT_DEPLOYMENT_TARGET = 27.0;
				ENABLE_NS_ASSERTIONS = NO;
				ENABLE_STRICT_OBJC_MSGSEND = YES;
				ENABLE_USER_SCRIPT_SANDBOXING = YES;
				GCC_C_LANGUAGE_STANDARD = gnu17;
				GCC_NO_COMMON_BLOCKS = YES;
				GCC_WARN_64_TO_32_BIT_CONVERSION = YES;
				GCC_WARN_ABOUT_RETURN_TYPE = YES_ERROR;
				GCC_WARN_UNDECLARED_SELECTOR = YES;
				GCC_WARN_UNINITIALIZED_AUTOS = YES_AGGRESSIVE;
				GCC_WARN_UNUSED_FUNCTION = YES;
				GCC_WARN_UNUSED_VARIABLE = YES;
				IPHONEOS_DEPLOYMENT_TARGET = 27.0;
				LOCALIZATION_PREFERS_STRING_CATALOGS = YES;
				MACOSX_DEPLOYMENT_TARGET = 27.0;
				MTL_ENABLE_DEBUG_INFO = NO;
				MTL_FAST_MATH = YES;
				PROJECT_UNIQUE_VALUE = D6SWIGN6;
				STRING_CATALOG_GENERATE_SYMBOLS = YES;
				SWIFT_COMPILATION_MODE = wholemodule;
				WATCHOS_DEPLOYMENT_TARGET = 27.0;
				XROS_DEPLOYMENT_TARGET = 27.0;
			};
			name = Release;
		};
		000000000000000111000000 /* Debug */ = {
			isa = XCBuildConfiguration;
			buildSettings = {
				CLANG_ENABLE_MODULES = YES;
				CODE_SIGN_STYLE = Automatic;
				CURRENT_PROJECT_VERSION = 1;
				DEVELOPMENT_TEAM = ZKLFQ437J4;
				ENABLE_APP_SANDBOX = YES;
				ENABLE_PREVIEWS = YES;
				ENABLE_USER_SELECTED_FILES = readonly;
				GENERATE_INFOPLIST_FILE = YES;
				INFOPLIST_KEY_CFBundleDisplayName = Fern;
				"INFOPLIST_KEY_UIApplicationSceneManifest_Generation[sdk=iphoneos*]" = YES;
				"INFOPLIST_KEY_UIApplicationSceneManifest_Generation[sdk=iphonesimulator*]" = YES;
				"INFOPLIST_KEY_UIApplicationSupportsIndirectInputEvents[sdk=iphoneos*]" = YES;
				"INFOPLIST_KEY_UIApplicationSupportsIndirectInputEvents[sdk=iphonesimulator*]" = YES;
				"INFOPLIST_KEY_UILaunchScreen_Generation[sdk=iphoneos*]" = YES;
				"INFOPLIST_KEY_UILaunchScreen_Generation[sdk=iphonesimulator*]" = YES;
				"INFOPLIST_KEY_UIStatusBarStyle[sdk=iphoneos*]" = UIStatusBarStyleDefault;
				"INFOPLIST_KEY_UIStatusBarStyle[sdk=iphonesimulator*]" = UIStatusBarStyleDefault;
				INFOPLIST_KEY_UISupportedInterfaceOrientations_iPad = "UIInterfaceOrientationPortrait UIInterfaceOrientationPortraitUpsideDown UIInterfaceOrientationLandscapeLeft UIInterfaceOrientationLandscapeRight";
				INFOPLIST_KEY_UISupportedInterfaceOrientations_iPhone = "UIInterfaceOrientationPortrait UIInterfaceOrientationLandscapeLeft UIInterfaceOrientationLandscapeRight";
				LD_RUNPATH_SEARCH_PATHS = "@executable_path/Frameworks";
				"LD_RUNPATH_SEARCH_PATHS[sdk=macosx*]" = "@executable_path/../Frameworks";
				MARKETING_VERSION = 1.0;
				PRODUCT_BUNDLE_IDENTIFIER = "devplaceholder.$(PROJECT_UNIQUE_VALUE:identifier).$(PRODUCT_NAME:identifier)";
				PRODUCT_NAME = "$(TARGET_NAME)";
				REGISTER_APP_GROUPS = YES;
				SDKROOT = auto;
				STRING_CATALOG_GENERATE_SYMBOLS = YES;
				SUPPORTED_PLATFORMS = "iphoneos iphonesimulator macosx xros xrsimulator";
				SWIFT_APPROACHABLE_CONCURRENCY = YES;
				SWIFT_DEFAULT_ACTOR_ISOLATION = MainActor;
				SWIFT_EMIT_LOC_STRINGS = YES;
				SWIFT_OPTIMIZATION_LEVEL = "-Onone";
				SWIFT_UPCOMING_FEATURE_MEMBER_IMPORT_VISIBILITY = YES;
				SWIFT_VERSION = 5.0;
				TARGETED_DEVICE_FAMILY = "1,2,7";
			};
			name = Debug;
		};
		000000000000000112000000 /* Release */ = {
			isa = XCBuildConfiguration;
			buildSettings = {
				CLANG_ENABLE_MODULES = YES;
				CODE_SIGN_STYLE = Automatic;
				CURRENT_PROJECT_VERSION = 1;
				DEVELOPMENT_TEAM = ZKLFQ437J4;
				ENABLE_APP_SANDBOX = YES;
				ENABLE_PREVIEWS = YES;
				ENABLE_USER_SELECTED_FILES = readonly;
				GENERATE_INFOPLIST_FILE = YES;
				INFOPLIST_KEY_CFBundleDisplayName = Fern;
				"INFOPLIST_KEY_UIApplicationSceneManifest_Generation[sdk=iphoneos*]" = YES;
				"INFOPLIST_KEY_UIApplicationSceneManifest_Generation[sdk=iphonesimulator*]" = YES;
				"INFOPLIST_KEY_UIApplicationSupportsIndirectInputEvents[sdk=iphoneos*]" = YES;
				"INFOPLIST_KEY_UIApplicationSupportsIndirectInputEvents[sdk=iphonesimulator*]" = YES;
				"INFOPLIST_KEY_UILaunchScreen_Generation[sdk=iphoneos*]" = YES;
				"INFOPLIST_KEY_UILaunchScreen_Generation[sdk=iphonesimulator*]" = YES;
				"INFOPLIST_KEY_UIStatusBarStyle[sdk=iphoneos*]" = UIStatusBarStyleDefault;
				"INFOPLIST_KEY_UIStatusBarStyle[sdk=iphonesimulator*]" = UIStatusBarStyleDefault;
				INFOPLIST_KEY_UISupportedInterfaceOrientations_iPad = "UIInterfaceOrientationPortrait UIInterfaceOrientationPortraitUpsideDown UIInterfaceOrientationLandscapeLeft UIInterfaceOrientationLandscapeRight";
				INFOPLIST_KEY_UISupportedInterfaceOrientations_iPhone = "UIInterfaceOrientationPortrait UIInterfaceOrientationLandscapeLeft UIInterfaceOrientationLandscapeRight";
				LD_RUNPATH_SEARCH_PATHS = "@executable_path/Frameworks";
				"LD_RUNPATH_SEARCH_PATHS[sdk=macosx*]" = "@executable_path/../Frameworks";
				MARKETING_VERSION = 1.0;
				PRODUCT_BUNDLE_IDENTIFIER = "devplaceholder.$(PROJECT_UNIQUE_VALUE:identifier).$(PRODUCT_NAME:identifier)";
				PRODUCT_NAME = "$(TARGET_NAME)";
				REGISTER_APP_GROUPS = YES;
				SDKROOT = auto;
				STRING_CATALOG_GENERATE_SYMBOLS = YES;
				SUPPORTED_PLATFORMS = "iphoneos iphonesimulator macosx xros xrsimulator";
				SWIFT_APPROACHABLE_CONCURRENCY = YES;
				SWIFT_DEFAULT_ACTOR_ISOLATION = MainActor;
				SWIFT_EMIT_LOC_STRINGS = YES;
				SWIFT_UPCOMING_FEATURE_MEMBER_IMPORT_VISIBILITY = YES;
				SWIFT_VERSION = 5.0;
				TARGETED_DEVICE_FAMILY = "1,2,7";
			};
			name = Release;
		};
		FA6C1C7B2FE60AD80072D9F9 /* Debug */ = {
			isa = XCBuildConfiguration;
			buildSettings = {
				BUNDLE_LOADER = "$(TEST_HOST)";
				CODE_SIGN_STYLE = Automatic;
				CURRENT_PROJECT_VERSION = 1;
				GENERATE_INFOPLIST_FILE = YES;
				MARKETING_VERSION = 1.0;
				PRODUCT_BUNDLE_IDENTIFIER = "fern-team.FernTests";
				PRODUCT_NAME = "$(TARGET_NAME)";
				SDKROOT = auto;
				STRING_CATALOG_GENERATE_SYMBOLS = NO;
				SUPPORTED_PLATFORMS = "iphoneos iphonesimulator macosx xros xrsimulator";
				SWIFT_APPROACHABLE_CONCURRENCY = YES;
				SWIFT_EMIT_LOC_STRINGS = NO;
				SWIFT_UPCOMING_FEATURE_MEMBER_IMPORT_VISIBILITY = YES;
				SWIFT_VERSION = 5.0;
				TARGETED_DEVICE_FAMILY = "1,2";
				TEST_HOST = "$(BUILT_PRODUCTS_DIR)/Fern.app/$(BUNDLE_EXECUTABLE_FOLDER_PATH)/Fern";
			};
			name = Debug;
		};
		FA6C1C7C2FE60AD80072D9F9 /* Release */ = {
			isa = XCBuildConfiguration;
			buildSettings = {
				BUNDLE_LOADER = "$(TEST_HOST)";
				CODE_SIGN_STYLE = Automatic;
				CURRENT_PROJECT_VERSION = 1;
				GENERATE_INFOPLIST_FILE = YES;
				MARKETING_VERSION = 1.0;
				PRODUCT_BUNDLE_IDENTIFIER = "fern-team.FernTests";
				PRODUCT_NAME = "$(TARGET_NAME)";
				SDKROOT = auto;
				STRING_CATALOG_GENERATE_SYMBOLS = NO;
				SUPPORTED_PLATFORMS = "iphoneos iphonesimulator macosx xros xrsimulator";
				SWIFT_APPROACHABLE_CONCURRENCY = YES;
				SWIFT_EMIT_LOC_STRINGS = NO;
				SWIFT_UPCOMING_FEATURE_MEMBER_IMPORT_VISIBILITY = YES;
				SWIFT_VERSION = 5.0;
				TARGETED_DEVICE_FAMILY = "1,2";
				TEST_HOST = "$(BUILT_PRODUCTS_DIR)/Fern.app/$(BUNDLE_EXECUTABLE_FOLDER_PATH)/Fern";
				VALIDATE_PRODUCT = YES;
			};
			name = Release;
		};
/* End XCBuildConfiguration section */

/* Begin XCConfigurationList section */
		000000000000000010000000 /* Build configuration list for PBXProject "Fern" */ = {
			isa = XCConfigurationList;
			buildConfigurations = (
				000000000000000011000000 /* Debug */,
				000000000000000012000000 /* Release */,
			);
			defaultConfigurationName = Release;
		};
		000000000000000110000000 /* Build configuration list for PBXNativeTarget "Fern" */ = {
			isa = XCConfigurationList;
			buildConfigurations = (
				000000000000000111000000 /* Debug */,
				000000000000000112000000 /* Release */,
			);
			defaultConfigurationName = Release;
		};
		FA6C1C7A2FE60AD80072D9F9 /* Build configuration list for PBXNativeTarget "FernTests" */ = {
			isa = XCConfigurationList;
			buildConfigurations = (
				FA6C1C7B2FE60AD80072D9F9 /* Debug */,
				FA6C1C7C2FE60AD80072D9F9 /* Release */,
			);
			defaultConfigurationName = Release;
		};
/* End XCConfigurationList section */
	};
	rootObject = 000000000000000000000000 /* Project object */;
}
